
Microsoft Visual Studio Solution File, Format Version 12.00
# Visual Studio Version 16
VisualStudioVersion = 16.0.31410.357
MinimumVisualStudioVersion = 10.0.40219.1
Project("{9A19103F-16F7-4668-BE54-9A1E7A4F7556}") = "ProyectoFinal", "ProyectoFinal\ProyectoFinal.csproj", "{C021C7B8-97F3-46E8-A0A4-279676310912}"
EndProject
Project("{9A19103F-16F7-4668-BE54-9A1E7A4F7556}") = "Esenario", "Esenario\Esenario.csproj", "{C79C8CC5-E65E-4754-AB6E-51E808E71CF9}"
EndProject
Project("{9A19103F-16F7-4668-BE54-9A1E7A4F7556}") = "Persistencia", "Persistencia\Persistencia.csproj", "{C02D840F-9658-485C-973A-1163C4D03EFD}"
EndProject
Project("{9A19103F-16F7-4668-BE54-9A1E7A4F7556}") = "Modelo", "Modelo\Modelo.csproj", "{92C59992-5AF8-4568-997E-C029C7A870B2}"
EndProject
Project("{9A19103F-16F7-4668-BE54-9A1E7A4F7556}") = "Info", "Info\Info.csproj", "{1F2C0053-43C2-4FF9-9831-892775A79BC5}"
EndProject
Global
	GlobalSection(SolutionConfigurationPlatforms) = preSolution
		Debug|Any CPU = Debug|Any CPU
		Release|Any CPU = Release|Any CPU
	EndGlobalSection
	GlobalSection(ProjectConfigurationPlatforms) = postSolution
		{C021C7B8-97F3-46E8-A0A4-279676310912}.Debug|Any CPU.ActiveCfg = Debug|Any CPU
		{C021C7B8-97F3-46E8-A0A4-279676310912}.Debug|Any CPU.Build.0 = Debug|Any CPU
		{C021C7B8-97F3-46E8-A0A4-279676310912}.Release|Any CPU.ActiveCfg = Release|Any CPU
		{C021C7B8-97F3-46E8-A0A4-279676310912}.Release|Any CPU.Build.0 = Release|Any CPU
		{C79C8CC5-E65E-4754-AB6E-51E808E71CF9}.Debug|Any CPU.ActiveCfg = Debug|Any CPU
		{C79C8CC5-E65E-4754-AB6E-51E808E71CF9}.Debug|Any CPU.Build.0 = Debug|Any CPU
		{C79C8CC5-E65E-4754-AB6E-51E808E71CF9}.Release|Any CPU.ActiveCfg = Release|Any CPU
		{C79C8CC5-E65E-4754-AB6E-51E808E71CF9}.Release|Any CPU.Build.0 = Release|Any CPU
		{C02D840F-9658-485C-973A-1163C4D03EFD}.Debug|Any CPU.ActiveCfg = Debug|Any CPU
		{C02D840F-9658-485C-973A-1163C4D03EFD}.Debug|Any CPU.Build.0 = Debug|Any CPU
		{C02D840F-9658-485C-973A-1163C4D03EFD}.Release|Any CPU.ActiveCfg = Release|Any CPU
		{C02D840F-9658-485C-973A-1163C4D03EFD}.Release|Any CPU.Build.0 = Release|Any CPU
		{92C59992-5AF8-4568-997E-C029C7A870B2}.Debug|Any CPU.ActiveCfg = Debug|Any CPU
		{92C59992-5AF8-4568-997E-C029C7A870B2}.Debug|Any CPU.Build.0 = Debug|Any CPU
		{92C59992-5AF8-4568-997E-C029C7A870B2}.Release|Any CPU.ActiveCfg = Release|Any CPU
		{92C59992-5AF8-4568-997E-C029C7A870B2}.Release|Any CPU.Build.0 = Release|Any CPU
		{1F2C0053-43C2-4FF9-9831-892775A79BC5}.Debug|Any CPU.ActiveCfg = Debug|Any CPU
		{1F2C0053-43C2-4FF9-9831-892775A79BC5}.Debug|Any CPU.Build.0 = Debug|Any CPU
		{1F2C0053-43C2-4FF9-9831-892775A79BC5}.Release|Any CPU.ActiveCfg = Release|Any CPU
		{1F2C0053-43C2-4FF9-9831-892775A79BC5}.Release|Any CPU.Build.0 = Release|Any CPU
	EndGlobalSection
	GlobalSection(SolutionProperties) = preSolution
		HideSolutionNode = FALSE
	EndGlobalSection
	GlobalSection(ExtensibilityGlobals) = postSolution
		SolutionGuid = {B9FC7B83-EE7F-4074-B325-8513B722B49F}
	EndGlobalSection
EndGlobal
